
Microsoft Visual Studio Solution File, Format Version 12.00
# Visual Studio Version 17
VisualStudioVersion = 17.0.31903.59
MinimumVisualStudioVersion = 10.0.40219.1
Project("{FAE04EC0-301F-11D3-BF4B-00C04F79EFBC}") = "TFaller.ALTools.Transformation", "src\TFaller.ALTools.Transformation\TFaller.ALTools.Transformation.csproj", "{27816A02-E4BB-4D67-B961-6474FAC62527}"
EndProject
Project("{FAE04EC0-301F-11D3-BF4B-00C04F79EFBC}") = "TFaller.ALTools.OpenApiGenerator", "src\TFaller.ALTools.OpenApiGenerator\TFaller.ALTools.OpenApiGenerator.csproj", "{56FF0A92-9F7D-428A-9DEF-8158FE819476}"
EndProject
Project("{FAE04EC0-301F-11D3-BF4B-00C04F79EFBC}") = "TFaller.ALTools.OpenApiGenerator.Tests", "test\TFaller.ALTools.OpenApiGenerator.Tests\TFaller.ALTools.OpenApiGenerator.Tests.csproj", "{BE82A45E-640F-4B7A-A557-51FAB7F977E6}"
EndProject
Global
	GlobalSection(SolutionConfigurationPlatforms) = preSolution
		Debug|Any CPU = Debug|Any CPU
		Release|Any CPU = Release|Any CPU
	EndGlobalSection
	GlobalSection(ProjectConfigurationPlatforms) = postSolution
		{27816A02-E4BB-4D67-B961-6474FAC62527}.Debug|Any CPU.ActiveCfg = Debug|Any CPU
		{27816A02-E4BB-4D67-B961-6474FAC62527}.Debug|Any CPU.Build.0 = Debug|Any CPU
		{27816A02-E4BB-4D67-B961-6474FAC62527}.Release|Any CPU.ActiveCfg = Release|Any CPU
		{27816A02-E4BB-4D67-B961-6474FAC62527}.Release|Any CPU.Build.0 = Release|Any CPU
		{56FF0A92-9F7D-428A-9DEF-8158FE819476}.Debug|Any CPU.ActiveCfg = Debug|Any CPU
		{56FF0A92-9F7D-428A-9DEF-8158FE819476}.Debug|Any CPU.Build.0 = Debug|Any CPU
		{56FF0A92-9F7D-428A-9DEF-8158FE819476}.Release|Any CPU.ActiveCfg = Release|Any CPU
		{56FF0A92-9F7D-428A-9DEF-8158FE819476}.Release|Any CPU.Build.0 = Release|Any CPU
		{BE82A45E-640F-4B7A-A557-51FAB7F977E6}.Debug|Any CPU.ActiveCfg = Debug|Any CPU
		{BE82A45E-640F-4B7A-A557-51FAB7F977E6}.Debug|Any CPU.Build.0 = Debug|Any CPU
		{BE82A45E-640F-4B7A-A557-51FAB7F977E6}.Release|Any CPU.ActiveCfg = Release|Any CPU
		{BE82A45E-640F-4B7A-A557-51FAB7F977E6}.Release|Any CPU.Build.0 = Release|Any CPU
	EndGlobalSection
	GlobalSection(SolutionProperties) = preSolution
		HideSolutionNode = FALSE
	EndGlobalSection
EndGlobal
